# This file was autogenerated by Stack.
# You should not edit this file by hand.
# For more information, please see the documentation at:
#   https://docs.haskellstack.org/en/stable/lock_files

packages:
- completed:
    hackage: extra-1.6.18@sha256:5f1fff126f0ae47b701fff5aa8462dc63cb44465d5a724b0afd20a3d731903af,2705
    pantry-tree:
      size: 1828
      sha256: 61a764a72012e96ac338622af1dbcd8d7620d5952ccd631fc708fb0c5343494a
  original:
    hackage: extra-1.6.18@sha256:5f1fff126f0ae47b701fff5aa8462dc63cb44465d5a724b0afd20a3d731903af,2705
- completed:
    hackage: free-5.1.3@sha256:a554ca318f7a67abde1acc59bf4ccb8e039d61cbef7921932e34e114afdc8608,4148
    pantry-tree:
      size: 3362
      sha256: 8a318ba8fe54841b776bb9443ab240450406a38c95526be9638e6f118eb3a1a2
  original:
    hackage: free-5.1.3@sha256:a554ca318f7a67abde1acc59bf4ccb8e039d61cbef7921932e34e114afdc8608,4148
- completed:
    hackage: split-0.2.3.3@sha256:64c8e45b8f74dc16b6329d99d9d9b1c47d6abae146d7d7e3ec3317dcb5660bb1,2615
    pantry-tree:
      size: 439
      sha256: ff3e20c0927928739a86e15f9b2c160353a4c4d57ca336b9630e31e7e617e2a8
  original:
    hackage: split-0.2.3.3@sha256:64c8e45b8f74dc16b6329d99d9d9b1c47d6abae146d7d7e3ec3317dcb5660bb1,2615
- completed:
    hackage: vector-0.12.0.3@sha256:1422b0bcf4e7675116ca8d9f473bf239850c58c4518a56010e3bfebeac345ace,7171
    pantry-tree:
      size: 3429
      sha256: 1adb067bf4b6abf2269a369e18016e5a0e6c40b876aa64dfea9f47547d915ef6
  original:
    hackage: vector-0.12.0.3@sha256:1422b0bcf4e7675116ca8d9f473bf239850c58c4518a56010e3bfebeac345ace,7171
- completed:
    hackage: vector-th-unbox-0.2.1.7@sha256:f7054cf1bd32c042a7980ec22eba4c9e230f88519d5511b7094b35beab9f9352,1412
    pantry-tree:
      size: 286
      sha256: 07f6dafdf7779a27555655758424a23bce09e4d22314780b10620da4a2f24f7c
  original:
    hackage: vector-th-unbox-0.2.1.7@sha256:f7054cf1bd32c042a7980ec22eba4c9e230f88519d5511b7094b35beab9f9352,1412
- completed:
    hackage: clock-0.8@sha256:b4ae207e2d3761450060a0d0feb873269233898039c76fceef9cc1a544067767,4113
    pantry-tree:
      size: 446
      sha256: d9ac8ce6a19812fe74cb1e74228e6e624eda19021ff4d12e24611f88abacd38a
  original:
    hackage: clock-0.8@sha256:b4ae207e2d3761450060a0d0feb873269233898039c76fceef9cc1a544067767,4113
- completed:
    hackage: comonad-5.0.6@sha256:65117d3d9e75ded548d2bbbd5ca9f5e6e1e42ecee08175aa6a77666753f797e3,3348
    pantry-tree:
      size: 1819
      sha256: b48148ddd6bc8640126f4d034de93b9e6d114ba5c71e3272580285582c99109e
  original:
    hackage: comonad-5.0.6@sha256:65117d3d9e75ded548d2bbbd5ca9f5e6e1e42ecee08175aa6a77666753f797e3,3348
- completed:
    hackage: distributive-0.6.1@sha256:90cef5a2d9c2477775e382c96fc716763e517ffd99dc6843046b3eabb2a7ff29,3062
    pantry-tree:
      size: 959
      sha256: 05494705329b081893b59e1c4da17de6b52db72175b68dce0a9204ddbc066271
  original:
    hackage: distributive-0.6.1@sha256:90cef5a2d9c2477775e382c96fc716763e517ffd99dc6843046b3eabb2a7ff29,3062
- completed:
    hackage: exceptions-0.10.4@sha256:d3aaa8d112cd53e16b5991bf5e43237ad6cf8277b8bab5cb8ab8e081dbb556f7,2684
    pantry-tree:
      size: 908
      sha256: ab075267ac88ff776d0a9ba9594653f91b63723ff9d7ade994719f0683f38fbc
  original:
    hackage: exceptions-0.10.4@sha256:d3aaa8d112cd53e16b5991bf5e43237ad6cf8277b8bab5cb8ab8e081dbb556f7,2684
- completed:
    hackage: primitive-0.7.0.0@sha256:ee352d97cc390d8513530029a2213a95c179a66c406906b18d03702c1d9ab8e5,3416
    pantry-tree:
      size: 3221
      sha256: ad604aab554e26d78561ad1288636b52c2e88b40e1fb37594efc96465a0ce68c
  original:
    hackage: primitive-0.7.0.0@sha256:ee352d97cc390d8513530029a2213a95c179a66c406906b18d03702c1d9ab8e5,3416
- completed:
    hackage: profunctors-5.5.1@sha256:48a53d69f997693db6b3fd339e92edea7776420ace5101737f037b04306096a7,2075
    pantry-tree:
      size: 1639
      sha256: 92ffca6876a8304bcb76d1d98b4a31a422b33e96e84c87356adca87925e17856
  original:
    hackage: profunctors-5.5.1@sha256:48a53d69f997693db6b3fd339e92edea7776420ace5101737f037b04306096a7,2075
- completed:
    hackage: semigroupoids-5.3.4@sha256:d2dee7be882dcb2bf1be4074951acaa0b60a34b372d1711a0bedb4305ce289ce,7363
    pantry-tree:
      size: 1990
      sha256: 7b0cfc1ed7bfeed9136cd9b7d879937a367e2619b3ec508da9effe9af198ca9f
  original:
    hackage: semigroupoids-5.3.4@sha256:d2dee7be882dcb2bf1be4074951acaa0b60a34b372d1711a0bedb4305ce289ce,7363
- completed:
    hackage: semigroups-0.19.1@sha256:ecae129621e0d2f77bef2f01e4458c2e0567ab6e1f39579c61d7cec8058ebb0e,6262
    pantry-tree:
      size: 534
      sha256: 61160272cccf0dcffe7fe23b7644412b959a8ec232bed4d43be235176f0bd90b
  original:
    hackage: semigroups-0.19.1@sha256:ecae129621e0d2f77bef2f01e4458c2e0567ab6e1f39579c61d7cec8058ebb0e,6262
- completed:
    hackage: transformers-base-0.4.5.2@sha256:e4d8155470905ba2942033a1537fc4cf91927d1c9b34693fd57ddf3bc02334af,1550
    pantry-tree:
      size: 275
      sha256: de1ab09cfb378c269105d6fcfa0fa9820081c2d1d91c87503a5f10068a4119e7
  original:
    hackage: transformers-base-0.4.5.2@sha256:e4d8155470905ba2942033a1537fc4cf91927d1c9b34693fd57ddf3bc02334af,1550
- completed:
    hackage: base-orphans-0.8.1@sha256:defd0057b5db93257528d89b5b01a0fee9738e878c121c686948ac4aa5dded63,2927
    pantry-tree:
      size: 1272
      sha256: e059f342ae4cd1edcbd90f5f69caab550a00cc64abcfd198ede188391ffe151f
  original:
    hackage: base-orphans-0.8.1@sha256:defd0057b5db93257528d89b5b01a0fee9738e878c121c686948ac4aa5dded63,2927
- completed:
    hackage: bifunctors-5.5.6@sha256:86968e793240a5a7bd1d5fabcc469c98a1cf6a61b16f90937540353db2b491e3,3329
    pantry-tree:
      size: 1688
      sha256: d9aa7dbad9f5ab40c9975274c411bb52868b38e375ba98661f5c2cd3137fabf7
  original:
    hackage: bifunctors-5.5.6@sha256:86968e793240a5a7bd1d5fabcc469c98a1cf6a61b16f90937540353db2b491e3,3329
- completed:
    hackage: cabal-doctest-1.0.8@sha256:471f182dabe23bac29d47ae55a33d11f85a0b0ab64d3b8f2907b437ab47d5ba7,1467
    pantry-tree:
      size: 334
      sha256: eb1a73167c81d0c120e7584cb0f38f259c62ac64e3d286aa6bef8b8a533ee28c
  original:
    hackage: cabal-doctest-1.0.8@sha256:471f182dabe23bac29d47ae55a33d11f85a0b0ab64d3b8f2907b437ab47d5ba7,1467
- completed:
    hackage: contravariant-1.5.2@sha256:853259271870000c007a281f0bf0bf6e1aaa97c5fd5cd5734d7b0d79b9de2af5,2761
    pantry-tree:
      size: 699
      sha256: 9d1b9732339d893bf03b2a8ca619430b4b601ee2c9c07f80188c2d54e23573cf
  original:
    hackage: contravariant-1.5.2@sha256:853259271870000c007a281f0bf0bf6e1aaa97c5fd5cd5734d7b0d79b9de2af5,2761
- completed:
    hackage: hashable-1.3.0.0@sha256:7ad8edaa681e81162ddddb4d703a9cffe6a0c9ddcfede31cf6569507ed3f1ddb,5179
    pantry-tree:
      size: 1521
      sha256: b80a3632cc3782099576348981f21ead5ba759e83fa610e02feb33901fdac38c
  original:
    hackage: hashable-1.3.0.0@sha256:7ad8edaa681e81162ddddb4d703a9cffe6a0c9ddcfede31cf6569507ed3f1ddb,5179
- completed:
    hackage: tagged-0.8.6@sha256:1f7ca84e6c88cbb923641c60041c9f56c34f1a889759cc073cdf10542b441ff9,2606
    pantry-tree:
      size: 543
      sha256: 7e03b4e4506268d8a1429fba046816d682ec98e1c61d3869ae0ce57d74574d78
  original:
    hackage: tagged-0.8.6@sha256:1f7ca84e6c88cbb923641c60041c9f56c34f1a889759cc073cdf10542b441ff9,2606
- completed:
    hackage: transformers-compat-0.6.5@sha256:50b00c57bf3fc379ec2477bfc261a2aebc983084488478adb29854f193af4696,5490
    pantry-tree:
      size: 1773
      sha256: 3a15141e82214faba9ddcabaa63526273d4c8b7b1d9d6cbc643334bfe41fb2f8
  original:
    hackage: transformers-compat-0.6.5@sha256:50b00c57bf3fc379ec2477bfc261a2aebc983084488478adb29854f193af4696,5490
- completed:
    hackage: unordered-containers-0.2.10.0@sha256:5e9b095a9283d9e2f064fec73a81a6b6ea0b7fda3f219a8175785d2d2a3de204,5199
    pantry-tree:
      size: 1415
      sha256: dfc2d75f4e59c03e2c68be6909b577f26991367134eaac06a407e940e66856ae
  original:
    hackage: unordered-containers-0.2.10.0@sha256:5e9b095a9283d9e2f064fec73a81a6b6ea0b7fda3f219a8175785d2d2a3de204,5199
- completed:
    hackage: StateVar-1.2@sha256:9ab3e4a0e252d28bc2f799c83e0725c3e23e8d3b722cff0fdb9822e64b6c16ac,1413
    pantry-tree:
      size: 314
      sha256: 7e528e8de1df24f858e0be63bf8987537b2752a3d4f6ec823e5ac0e1dc7f1520
  original:
    hackage: StateVar-1.2@sha256:9ab3e4a0e252d28bc2f799c83e0725c3e23e8d3b722cff0fdb9822e64b6c16ac,1413
- completed:
    hackage: th-abstraction-0.3.1.0@sha256:5a84e45ef22def987fbf7bfb305c2c3b211cddb7097c60a1de8db94d82f11ab0,1896
    pantry-tree:
      size: 583
      sha256: 86fb77058bfc378151b58d9cc68ba29b787717536f99dda0b1eabf1f1083b5d3
  original:
    hackage: th-abstraction-0.3.1.0@sha256:5a84e45ef22def987fbf7bfb305c2c3b211cddb7097c60a1de8db94d82f11ab0,1896
- completed:
    hackage: regex-pcre-0.95.0.0@sha256:60d9758a6841b0761f3dd7f90206511574dc7ee60f53bf5a9a066b967ddd5225,1937
    pantry-tree:
      size: 634
      sha256: be80abf4eda01a83006aa14e0e82b1221f82ee6f25aa2f27e83432501c4c7d63
  original:
    hackage: regex-pcre-0.95.0.0@sha256:60d9758a6841b0761f3dd7f90206511574dc7ee60f53bf5a9a066b967ddd5225,1937
- completed:
    hackage: regex-base-0.94.0.0@sha256:d514eab2aa9ba4b9d14900ac40cbdea1993372466a6cc6ffeeab59a1975563c0,2166
    pantry-tree:
      size: 483
      sha256: d147c3c3e3df525bd3909327ee287911f29c9fdf671350cae9e9c4164ceeaea6
  original:
    hackage: regex-base-0.94.0.0@sha256:d514eab2aa9ba4b9d14900ac40cbdea1993372466a6cc6ffeeab59a1975563c0,2166
- completed:
    hackage: vty-5.26@sha256:7b1aeebff12d9c8ad43fe997ee0e29cd651eff2d5a0aeceeb9df2ee68efe9c53,20307
    pantry-tree:
      size: 4868
      sha256: c5ea5bd3e38f2f3ef4a48af6c2a5c4a4ce2e06007ed70e562e74e76101536ea7
  original:
    hackage: vty-5.26@sha256:7b1aeebff12d9c8ad43fe997ee0e29cd651eff2d5a0aeceeb9df2ee68efe9c53,20307
- completed:
    hackage: blaze-builder-0.4.1.0@sha256:fa992674ea28f6ea6569d93388d757aef928af1e2f0ce80a35c29fb782252a2d,3542
    pantry-tree:
      size: 3101
      sha256: 1e63ef498a5da58823348c064d5f183fd2e2cd6adcf494f02f41da084c66bc82
  original:
    hackage: blaze-builder-0.4.1.0@sha256:fa992674ea28f6ea6569d93388d757aef928af1e2f0ce80a35c29fb782252a2d,3542
- completed:
    hackage: microlens-0.4.11.2@sha256:765ec5cdd12a459e65161f0e3cdbce84652bf634d62af3911ba24e4bf8d4d944,4455
    pantry-tree:
      size: 461
      sha256: 98fdc52fe386eca8994832f7ce6daba584fcc6ccf4859b5e33b004ce25ddba11
  original:
    hackage: microlens-0.4.11.2@sha256:765ec5cdd12a459e65161f0e3cdbce84652bf634d62af3911ba24e4bf8d4d944,4455
- completed:
    hackage: microlens-mtl-0.2.0.1@sha256:ac604347d822e07215ca4374d7d13881be2e53c29d5c12882bd82e782f42369e,1777
    pantry-tree:
      size: 344
      sha256: d528416749b85df814e91d569e2a7097c451ab3f07b6f5f06c08746c1eae6b24
  original:
    hackage: microlens-mtl-0.2.0.1@sha256:ac604347d822e07215ca4374d7d13881be2e53c29d5c12882bd82e782f42369e,1777
- completed:
    hackage: microlens-th-0.4.3.2@sha256:dd09aa02b7dc235a91b1e9ea6cd4be2f24c74ef067bc4e5fa2a5453c8b999d2c,2199
    pantry-tree:
      size: 382
      sha256: 4a9f953c2f011c3a2e4edfd3acf367325078b5b292280dc92269ce73656e87c5
  original:
    hackage: microlens-th-0.4.3.2@sha256:dd09aa02b7dc235a91b1e9ea6cd4be2f24c74ef067bc4e5fa2a5453c8b999d2c,2199
- completed:
    hackage: parallel-3.2.2.0@sha256:924dc6f8ac94d535689070b96864da0913aee99d8e3354f9130e4d96d5b17328,1792
    pantry-tree:
      size: 392
      sha256: 1a05c303e63033e8d53a57f4f4a3ba38e684f2979219b8a2a02600154313bdbc
  original:
    hackage: parallel-3.2.2.0@sha256:924dc6f8ac94d535689070b96864da0913aee99d8e3354f9130e4d96d5b17328,1792
- completed:
    hackage: utf8-string-1.0.1.1@sha256:68cc6cf665e7212334a51b63d6936daeaca023b2cfe8637d130acfe95f91700b,1151
    pantry-tree:
      size: 546
      sha256: 94c160d3cba160be807fc2957f539453660cf64bd6cb29879aba82424d03527e
  original:
    hackage: utf8-string-1.0.1.1@sha256:68cc6cf665e7212334a51b63d6936daeaca023b2cfe8637d130acfe95f91700b,1151
- completed:
    hackage: binary-search-1.0.0.3@sha256:3db15438f8bfe00e4076a666090282722a3ff7edb6029303846668a4a05e68f0,2896
    pantry-tree:
      size: 576
      sha256: a623e8d7cc540bdc91afa5052f15cc97dac2a0d7435e1ef143cf78f33aea1fe6
  original:
    hackage: binary-search-1.0.0.3@sha256:3db15438f8bfe00e4076a666090282722a3ff7edb6029303846668a4a05e68f0,2896
snapshots: []
